// !$*UTF8*$!
{
	archiveVersion = 1;
	classes = {
	};
	objectVersion = 50;
	objects = {

/* Begin PBXBuildFile section */
		08AA6DAA2A124E820048ACDD /* test.cpp in Sources */ = {isa = PBXBuildFile; fileRef = 08AA6DA92A124E820048ACDD /* test.cpp */; };
		08B0A09E2A068EC90060E589 /* main.cpp in Sources */ = {isa = PBXBuildFile; fileRef = 08B0A09D2A068EC90060E589 /* main.cpp */; };
		08B0A0AB2A070F8F0060E589 /* alu.cpp in Sources */ = {isa = PBXBuildFile; fileRef = 08B0A0AA2A070F8F0060E589 /* alu.cpp */; };
		08B0A0C32A08220C0060E589 /* dissasemble.cpp in Sources */ = {isa = PBXBuildFile; fileRef = 08B0A0C22A08220C0060E589 /* dissasemble.cpp */; };
		08B0A0CB2A0876F40060E589 /* libfmt.9.1.0.dylib in Frameworks */ = {isa = PBXBuildFile; fileRef = 08B0A0CA2A0876F40060E589 /* libfmt.9.1.0.dylib */; };
		08B0A0CE2A0C151D0060E589 /* registers.cpp in Sources */ = {isa = PBXBuildFile; fileRef = 08B0A0CD2A0C151D0060E589 /* registers.cpp */; };
		08B0A0D62A0C1DA90060E589 /* cpu.cpp in Sources */ = {isa = PBXBuildFile; fileRef = 08B0A0D42A0C1DA90060E589 /* cpu.cpp */; };
/* End PBXBuildFile section */

/* Begin PBXCopyFilesBuildPhase section */
		08B0A0982A068EC90060E589 /* CopyFiles */ = {
			isa = PBXCopyFilesBuildPhase;
			buildActionMask = 2147483647;
			dstPath = /usr/share/man/man1/;
			dstSubfolderSpec = 0;
			files = (
			);
			runOnlyForDeploymentPostprocessing = 1;
		};
/* End PBXCopyFilesBuildPhase section */

/* Begin PBXFileReference section */
		08AA6DA92A124E820048ACDD /* test.cpp */ = {isa = PBXFileReference; lastKnownFileType = sourcecode.cpp.cpp; path = test.cpp; sourceTree = "<group>"; };
		08B0A09A2A068EC90060E589 /* cpusim */ = {isa = PBXFileReference; explicitFileType = "compiled.mach-o.executable"; includeInIndex = 0; path = cpusim; sourceTree = BUILT_PRODUCTS_DIR; };
		08B0A09D2A068EC90060E589 /* main.cpp */ = {isa = PBXFileReference; lastKnownFileType = sourcecode.cpp.cpp; path = main.cpp; sourceTree = "<group>"; };
		08B0A0A52A0690AA0060E589 /* clock.h */ = {isa = PBXFileReference; fileEncoding = 4; lastKnownFileType = sourcecode.c.h; path = clock.h; sourceTree = "<group>"; };
		08B0A0A62A0690AA0060E589 /* registers.h */ = {isa = PBXFileReference; fileEncoding = 4; lastKnownFileType = sourcecode.c.h; path = registers.h; sourceTree = "<group>"; };
		08B0A0A72A0690AA0060E589 /* alu.h */ = {isa = PBXFileReference; fileEncoding = 4; lastKnownFileType = sourcecode.c.h; path = alu.h; sourceTree = "<group>"; };
		08B0A0A82A0690AA0060E589 /* cu.h */ = {isa = PBXFileReference; fileEncoding = 4; lastKnownFileType = sourcecode.c.h; path = cu.h; sourceTree = "<group>"; };
		08B0A0AA2A070F8F0060E589 /* alu.cpp */ = {isa = PBXFileReference; fileEncoding = 4; lastKnownFileType = sourcecode.cpp.cpp; path = alu.cpp; sourceTree = "<group>"; };
		08B0A0BF2A07FE370060E589 /* assets */ = {isa = PBXFileReference; lastKnownFileType = folder; path = assets; sourceTree = "<group>"; };
		08B0A0C22A08220C0060E589 /* dissasemble.cpp */ = {isa = PBXFileReference; lastKnownFileType = sourcecode.cpp.cpp; path = dissasemble.cpp; sourceTree = "<group>"; };
		08B0A0C62A0822220060E589 /* dissasemble.h */ = {isa = PBXFileReference; lastKnownFileType = sourcecode.c.h; path = dissasemble.h; sourceTree = "<group>"; };
		08B0A0C82A08765E0060E589 /* include */ = {isa = PBXFileReference; lastKnownFileType = folder; path = include; sourceTree = "<group>"; };
		08B0A0C92A08765F0060E589 /* lib */ = {isa = PBXFileReference; lastKnownFileType = folder; path = lib; sourceTree = "<group>"; };
		08B0A0CA2A0876F40060E589 /* libfmt.9.1.0.dylib */ = {isa = PBXFileReference; lastKnownFileType = "compiled.mach-o.dylib"; name = libfmt.9.1.0.dylib; path = lib/libfmt.9.1.0.dylib; sourceTree = "<group>"; };
		08B0A0CD2A0C151D0060E589 /* registers.cpp */ = {isa = PBXFileReference; lastKnownFileType = sourcecode.cpp.cpp; path = registers.cpp; sourceTree = "<group>"; };
		08B0A0D42A0C1DA90060E589 /* cpu.cpp */ = {isa = PBXFileReference; lastKnownFileType = sourcecode.cpp.cpp; path = cpu.cpp; sourceTree = "<group>"; };
		08B0A0D52A0C1DA90060E589 /* cpu.h */ = {isa = PBXFileReference; lastKnownFileType = sourcecode.c.h; path = cpu.h; sourceTree = "<group>"; };
/* End PBXFileReference section */

/* Begin PBXFrameworksBuildPhase section */
		08B0A0972A068EC90060E589 /* Frameworks */ = {
			isa = PBXFrameworksBuildPhase;
			buildActionMask = 2147483647;
			files = (
				08B0A0CB2A0876F40060E589 /* libfmt.9.1.0.dylib in Frameworks */,
			);
			runOnlyForDeploymentPostprocessing = 0;
		};
/* End PBXFrameworksBuildPhase section */

/* Begin PBXGroup section */
		08B0A0912A068EC90060E589 = {
			isa = PBXGroup;
			children = (
				08B0A0C82A08765E0060E589 /* include */,
				08B0A0C92A08765F0060E589 /* lib */,
				08B0A0BF2A07FE370060E589 /* assets */,
				08B0A09C2A068EC90060E589 /* cpusim */,
				08B0A09B2A068EC90060E589 /* Products */,
				08B0A0B32A07D4DE0060E589 /* Frameworks */,
			);
			sourceTree = "<group>";
		};
		08B0A09B2A068EC90060E589 /* Products */ = {
			isa = PBXGroup;
			children = (
				08B0A09A2A068EC90060E589 /* cpusim */,
			);
			name = Products;
			sourceTree = "<group>";
		};
		08B0A09C2A068EC90060E589 /* cpusim */ = {
			isa = PBXGroup;
			children = (
				08B0A09D2A068EC90060E589 /* main.cpp */,
				08B0A0AA2A070F8F0060E589 /* alu.cpp */,
				08B0A0A72A0690AA0060E589 /* alu.h */,
				08B0A0A52A0690AA0060E589 /* clock.h */,
				08B0A0A82A0690AA0060E589 /* cu.h */,
				08B0A0A62A0690AA0060E589 /* registers.h */,
				08B0A0CD2A0C151D0060E589 /* registers.cpp */,
				08B0A0C22A08220C0060E589 /* dissasemble.cpp */,
				08B0A0C62A0822220060E589 /* dissasemble.h */,
				08B0A0D42A0C1DA90060E589 /* cpu.cpp */,
				08B0A0D52A0C1DA90060E589 /* cpu.h */,
				08AA6DA92A124E820048ACDD /* test.cpp */,
			);
			path = cpusim;
			sourceTree = "<group>";
		};
		08B0A0B32A07D4DE0060E589 /* Frameworks */ = {
			isa = PBXGroup;
			children = (
				08B0A0CA2A0876F40060E589 /* libfmt.9.1.0.dylib */,
			);
			name = Frameworks;
			sourceTree = "<group>";
		};
/* End PBXGroup section */

/* Begin PBXNativeTarget section */
		08B0A0992A068EC90060E589 /* cpusim */ = {
			isa = PBXNativeTarget;
			buildConfigurationList = 08B0A0A12A068EC90060E589 /* Build configuration list for PBXNativeTarget "cpusim" */;
			buildPhases = (
				08B0A0962A068EC90060E589 /* Sources */,
				08B0A0972A068EC90060E589 /* Frameworks */,
				08B0A0982A068EC90060E589 /* CopyFiles */,
			);
			buildRules = (
			);
			dependencies = (
			);
			name = cpusim;
			productName = cpusim;
			productReference = 08B0A09A2A068EC90060E589 /* cpusim */;
			productType = "com.apple.product-type.tool";
		};
/* End PBXNativeTarget section */

/* Begin PBXProject section */
		08B0A0922A068EC90060E589 /* Project object */ = {
			isa = PBXProject;
			attributes = {
				LastUpgradeCheck = 1240;
				TargetAttributes = {
					08B0A0992A068EC90060E589 = {
						CreatedOnToolsVersion = 12.4;
					};
				};
			};
			buildConfigurationList = 08B0A0952A068EC90060E589 /* Build configuration list for PBXProject "cpusim" */;
			compatibilityVersion = "Xcode 9.3";
			developmentRegion = en;
			hasScannedForEncodings = 0;
			knownRegions = (
				en,
				Base,
			);
			mainGroup = 08B0A0912A068EC90060E589;
			productRefGroup = 08B0A09B2A068EC90060E589 /* Products */;
			projectDirPath = "";
			projectRoot = "";
			targets = (
				08B0A0992A068EC90060E589 /* cpusim */,
			);
		};
/* End PBXProject section */

/* Begin PBXSourcesBuildPhase section */
		08B0A0962A068EC90060E589 /* Sources */ = {
			isa = PBXSourcesBuildPhase;
			buildActionMask = 2147483647;
			files = (
				08B0A0D62A0C1DA90060E589 /* cpu.cpp in Sources */,
				08B0A0AB2A070F8F0060E589 /* alu.cpp in Sources */,
				08B0A09E2A068EC90060E589 /* main.cpp in Sources */,
				08B0A0CE2A0C151D0060E589 /* registers.cpp in Sources */,
				08B0A0C32A08220C0060E589 /* dissasemble.cpp in Sources */,
				08AA6DAA2A124E820048ACDD /* test.cpp in Sources */,
			);
			runOnlyForDeploymentPostprocessing = 0;
		};
/* End PBXSourcesBuildPhase section */

/* Begin XCBuildConfiguration section */
		08B0A09F2A068EC90060E589 /* Debug */ = {
			isa = XCBuildConfiguration;
			buildSettings = {
				ALWAYS_SEARCH_USER_PATHS = NO;
				CLANG_ANALYZER_NONNULL = YES;
				CLANG_ANALYZER_NUMBER_OBJECT_CONVERSION = YES_AGGRESSIVE;
				CLANG_CXX_LANGUAGE_STANDARD = "gnu++14";
				CLANG_CXX_LIBRARY = "libc++";
				CLANG_ENABLE_MODULES = YES;
				CLANG_ENABLE_OBJC_ARC = YES;
				CLANG_ENABLE_OBJC_WEAK = YES;
				CLANG_WARN_BLOCK_CAPTURE_AUTORELEASING = YES;
				CLANG_WARN_BOOL_CONVERSION = YES;
				CLANG_WARN_COMMA = YES;
				CLANG_WARN_CONSTANT_CONVERSION = YES;
				CLANG_WARN_DEPRECATED_OBJC_IMPLEMENTATIONS = YES;
				CLANG_WARN_DIRECT_OBJC_ISA_USAGE = YES_ERROR;
				CLANG_WARN_DOCUMENTATION_COMMENTS = YES;
				CLANG_WARN_EMPTY_BODY = YES;
				CLANG_WARN_ENUM_CONVERSION = YES;
				CLANG_WARN_INFINITE_RECURSION = YES;
				CLANG_WARN_INT_CONVERSION = YES;
				CLANG_WARN_NON_LITERAL_NULL_CONVERSION = YES;
				CLANG_WARN_OBJC_IMPLICIT_RETAIN_SELF = YES;
				CLANG_WARN_OBJC_LITERAL_CONVERSION = YES;
				CLANG_WARN_OBJC_ROOT_CLASS = YES_ERROR;
				CLANG_WARN_QUOTED_INCLUDE_IN_FRAMEWORK_HEADER = YES;
				CLANG_WARN_RANGE_LOOP_ANALYSIS = YES;
				CLANG_WARN_STRICT_PROTOTYPES = YES;
				CLANG_WARN_SUSPICIOUS_MOVE = YES;
				CLANG_WARN_UNGUARDED_AVAILABILITY = YES_AGGRESSIVE;
				CLANG_WARN_UNREACHABLE_CODE = YES;
				CLANG_WARN__DUPLICATE_METHOD_MATCH = YES;
				COPY_PHASE_STRIP = NO;
				DEBUG_INFORMATION_FORMAT = dwarf;
				ENABLE_STRICT_OBJC_MSGSEND = YES;
				ENABLE_TESTABILITY = YES;
				GCC_C_LANGUAGE_STANDARD = gnu11;
				GCC_DYNAMIC_NO_PIC = NO;
				GCC_NO_COMMON_BLOCKS = YES;
				GCC_OPTIMIZATION_LEVEL = 0;
				GCC_PREPROCESSOR_DEFINITIONS = (
					"DEBUG=1",
					"$(inherited)",
				);
				GCC_WARN_64_TO_32_BIT_CONVERSION = YES;
				GCC_WARN_ABOUT_RETURN_TYPE = YES_ERROR;
				GCC_WARN_UNDECLARED_SELECTOR = YES;
				GCC_WARN_UNINITIALIZED_AUTOS = YES_AGGRESSIVE;
				GCC_WARN_UNUSED_FUNCTION = YES;
				GCC_WARN_UNUSED_VARIABLE = YES;
				HEADER_SEARCH_PATHS = "$(PROJECT_DIR)/include";
				LIBRARY_SEARCH_PATHS = "$(PROJECT_DIR)/lib";
				MACOSX_DEPLOYMENT_TARGET = 11.0;
				MTL_ENABLE_DEBUG_INFO = INCLUDE_SOURCE;
				MTL_FAST_MATH = YES;
				ONLY_ACTIVE_ARCH = YES;
				SDKROOT = macosx;
			};
			name = Debug;
		};
		08B0A0A02A068EC90060E589 /* Release */ = {
			isa = XCBuildConfiguration;
			buildSettings = {
				ALWAYS_SEARCH_USER_PATHS = NO;
				CLANG_ANALYZER_NONNULL = YES;
				CLANG_ANALYZER_NUMBER_OBJECT_CONVERSION = YES_AGGRESSIVE;
				CLANG_CXX_LANGUAGE_STANDARD = "gnu++14";
				CLANG_CXX_LIBRARY = "libc++";
				CLANG_ENABLE_MODULES = YES;
				CLANG_ENABLE_OBJC_ARC = YES;
				CLANG_ENABLE_OBJC_WEAK = YES;
				CLANG_WARN_BLOCK_CAPTURE_AUTORELEASING = YES;
				CLANG_WARN_BOOL_CONVERSION = YES;
				CLANG_WARN_COMMA = YES;
				CLANG_WARN_CONSTANT_CONVERSION = YES;
				CLANG_WARN_DEPRECATED_OBJC_IMPLEMENTATIONS = YES;
				CLANG_WARN_DIRECT_OBJC_ISA_USAGE = YES_ERROR;
				CLANG_WARN_DOCUMENTATION_COMMENTS = YES;
				CLANG_WARN_EMPTY_BODY = YES;
				CLANG_WARN_ENUM_CONVERSION = YES;
				CLANG_WARN_INFINITE_RECURSION = YES;
				CLANG_WARN_INT_CONVERSION = YES;
				CLANG_WARN_NON_LITERAL_NULL_CONVERSION = YES;
				CLANG_WARN_OBJC_IMPLICIT_RETAIN_SELF = YES;
				CLANG_WARN_OBJC_LITERAL_CONVERSION = YES;
				CLANG_WARN_OBJC_ROOT_CLASS = YES_ERROR;
				CLANG_WARN_QUOTED_INCLUDE_IN_FRAMEWORK_HEADER = YES;
				CLANG_WARN_RANGE_LOOP_ANALYSIS = YES;
				CLANG_WARN_STRICT_PROTOTYPES = YES;
				CLANG_WARN_SUSPICIOUS_MOVE = YES;
				CLANG_WARN_UNGUARDED_AVAILABILITY = YES_AGGRESSIVE;
				CLANG_WARN_UNREACHABLE_CODE = YES;
				CLANG_WARN__DUPLICATE_METHOD_MATCH = YES;
				COPY_PHASE_STRIP = NO;
				DEBUG_INFORMATION_FORMAT = "dwarf-with-dsym";
				ENABLE_NS_ASSERTIONS = NO;
				ENABLE_STRICT_OBJC_MSGSEND = YES;
				GCC_C_LANGUAGE_STANDARD = gnu11;
				GCC_NO_COMMON_BLOCKS = YES;
				GCC_WARN_64_TO_32_BIT_CONVERSION = YES;
				GCC_WARN_ABOUT_RETURN_TYPE = YES_ERROR;
				GCC_WARN_UNDECLARED_SELECTOR = YES;
				GCC_WARN_UNINITIALIZED_AUTOS = YES_AGGRESSIVE;
				GCC_WARN_UNUSED_FUNCTION = YES;
				GCC_WARN_UNUSED_VARIABLE = YES;
				HEADER_SEARCH_PATHS = "$(PROJECT_DIR)/include";
				LIBRARY_SEARCH_PATHS = "$(PROJECT_DIR)/lib";
				MACOSX_DEPLOYMENT_TARGET = 11.0;
				MTL_ENABLE_DEBUG_INFO = NO;
				MTL_FAST_MATH = YES;
				SDKROOT = macosx;
			};
			name = Release;
		};
		08B0A0A22A068EC90060E589 /* Debug */ = {
			isa = XCBuildConfiguration;
			buildSettings = {
				CODE_SIGN_STYLE = Automatic;
				HEADER_SEARCH_PATHS = "$(PROJECT_DIR)/include";
				LD_RUNPATH_SEARCH_PATHS = "$(PROJECT_DIR)/lib";
				LIBRARY_SEARCH_PATHS = (
					"$(inherited)",
					"$(PROJECT_DIR)/lib",
				);
				PRODUCT_NAME = "$(TARGET_NAME)";
			};
			name = Debug;
		};
		08B0A0A32A068EC90060E589 /* Release */ = {
			isa = XCBuildConfiguration;
			buildSettings = {
				CODE_SIGN_STYLE = Automatic;
				HEADER_SEARCH_PATHS = "$(PROJECT_DIR)/include";
				LD_RUNPATH_SEARCH_PATHS = "$(PROJECT_DIR)/lib";
				LIBRARY_SEARCH_PATHS = (
					"$(inherited)",
					"$(PROJECT_DIR)/lib",
				);
				PRODUCT_NAME = "$(TARGET_NAME)";
			};
			name = Release;
		};
/* End XCBuildConfiguration section */

/* Begin XCConfigurationList section */
		08B0A0952A068EC90060E589 /* Build configuration list for PBXProject "cpusim" */ = {
			isa = XCConfigurationList;
			buildConfigurations = (
				08B0A09F2A068EC90060E589 /* Debug */,
				08B0A0A02A068EC90060E589 /* Release */,
			);
			defaultConfigurationIsVisible = 0;
			defaultConfigurationName = Release;
		};
		08B0A0A12A068EC90060E589 /* Build configuration list for PBXNativeTarget "cpusim" */ = {
			isa = XCConfigurationList;
			buildConfigurations = (
				08B0A0A22A068EC90060E589 /* Debug */,
				08B0A0A32A068EC90060E589 /* Release */,
			);
			defaultConfigurationIsVisible = 0;
			defaultConfigurationName = Release;
		};
/* End XCConfigurationList section */
	};
	rootObject = 08B0A0922A068EC90060E589 /* Project object */;
}
